// !$*UTF8*$!
{
	archiveVersion = 1;
	classes = {
	};
	objectVersion = 51;
	objects = {

/* Begin PBXBuildFile section */
		0B1281E49D5FB91F3783ECEA /* libPods-ShopUIUITests.a in Frameworks */ = {isa = PBXBuildFile; fileRef = F590BD32C0794C9839CBCB1B /* libPods-ShopUIUITests.a */; };
		1FF5F93415DD45646B847C9E /* Pods_ShopUI.framework in Frameworks */ = {isa = PBXBuildFile; fileRef = 3FDACE5E6F27CF70703ACE90 /* Pods_ShopUI.framework */; };
		89001FA82583E99500C5107B /* APIDetailsMapper.swift in Sources */ = {isa = PBXBuildFile; fileRef = 89001FA72583E99500C5107B /* APIDetailsMapper.swift */; };
		89001FAD2583EC2D00C5107B /* APIDetailsMapperTests.swift in Sources */ = {isa = PBXBuildFile; fileRef = 89001FAC2583EC2D00C5107B /* APIDetailsMapperTests.swift */; };
		89001FB22583F33800C5107B /* ProductListConfigurator.swift in Sources */ = {isa = PBXBuildFile; fileRef = 89001FB12583F33800C5107B /* ProductListConfigurator.swift */; };
		8905F90B2582CC7700413DB9 /* ProductDetailsViewModel.swift in Sources */ = {isa = PBXBuildFile; fileRef = 8905F90A2582CC7700413DB9 /* ProductDetailsViewModel.swift */; };
		8905F9102582CC8000413DB9 /* ProductDetailsViewModelTests.swift in Sources */ = {isa = PBXBuildFile; fileRef = 8905F90F2582CC8000413DB9 /* ProductDetailsViewModelTests.swift */; };
		8905F9192582CFF800413DB9 /* GetProductDetailsUseCase.swift in Sources */ = {isa = PBXBuildFile; fileRef = 8905F9182582CFF800413DB9 /* GetProductDetailsUseCase.swift */; };
		8905F92D2582D1A500413DB9 /* GetProductDetailsUseCaseTests.swift in Sources */ = {isa = PBXBuildFile; fileRef = 8905F92C2582D1A500413DB9 /* GetProductDetailsUseCaseTests.swift */; };
		89122767254DF72C0004E105 /* AutoMockable.swift in Sources */ = {isa = PBXBuildFile; fileRef = 89122766254DF72C0004E105 /* AutoMockable.swift */; };
		8916F2472575630F00216AAF /* ProductConverter.swift in Sources */ = {isa = PBXBuildFile; fileRef = 8916F2462575630F00216AAF /* ProductConverter.swift */; };
		8916F24C2575632200216AAF /* ProductConverterTests.swift in Sources */ = {isa = PBXBuildFile; fileRef = 8916F24B2575632200216AAF /* ProductConverterTests.swift */; };
		892FF6A5257D51A7000F6B4D /* letterPaths.swift in Sources */ = {isa = PBXBuildFile; fileRef = 892FF6A4257D51A7000F6B4D /* letterPaths.swift */; };
		89314DBA2583E3C000C47FB7 /* ProductDetailsConfigurator.swift in Sources */ = {isa = PBXBuildFile; fileRef = 89314DB92583E3C000C47FB7 /* ProductDetailsConfigurator.swift */; };
		89331EB72561BB1700763223 /* APIListMapperTests.swift in Sources */ = {isa = PBXBuildFile; fileRef = 89331EB62561BB1700763223 /* APIListMapperTests.swift */; };
		89387037254EE87500F0F6E1 /* ProductList.swift in Sources */ = {isa = PBXBuildFile; fileRef = 89387036254EE87500F0F6E1 /* ProductList.swift */; };
		8938703D254EEA4200F0F6E1 /* ProductListTests.swift in Sources */ = {isa = PBXBuildFile; fileRef = 8938703C254EEA4200F0F6E1 /* ProductListTests.swift */; };
		8938704D254EEB6300F0F6E1 /* Product.swift in Sources */ = {isa = PBXBuildFile; fileRef = 8938704C254EEB6300F0F6E1 /* Product.swift */; };
		895147B7255F48C0001DA941 /* APIRepository.swift in Sources */ = {isa = PBXBuildFile; fileRef = 895147B6255F48C0001DA941 /* APIRepository.swift */; };
		895147BF255F4B36001DA941 /* APIRepositoryTests.swift in Sources */ = {isa = PBXBuildFile; fileRef = 895147BE255F4B36001DA941 /* APIRepositoryTests.swift */; };
		895147C7255F4BA3001DA941 /* APIRepositoryImplementation.swift in Sources */ = {isa = PBXBuildFile; fileRef = 895147C6255F4BA3001DA941 /* APIRepositoryImplementation.swift */; };
		895147CD255F578D001DA941 /* APIDataSource.swift in Sources */ = {isa = PBXBuildFile; fileRef = 895147CC255F578D001DA941 /* APIDataSource.swift */; };
		8957361A259F99E00060CAF2 /* WishlistButton.swift in Sources */ = {isa = PBXBuildFile; fileRef = 89573619259F99E00060CAF2 /* WishlistButton.swift */; };
		8957788E254EDEF70047C36A /* ProductListConverter.swift in Sources */ = {isa = PBXBuildFile; fileRef = 8957788D254EDEF70047C36A /* ProductListConverter.swift */; };
		89577894254EE07D0047C36A /* ProductListConverterTests.swift in Sources */ = {isa = PBXBuildFile; fileRef = 89577893254EE07D0047C36A /* ProductListConverterTests.swift */; };
		89627B06259B60180005D4E5 /* HomeView.swift in Sources */ = {isa = PBXBuildFile; fileRef = 89627B05259B60180005D4E5 /* HomeView.swift */; };
		89627B0C259B6F820005D4E5 /* ViewRouter.swift in Sources */ = {isa = PBXBuildFile; fileRef = 89627B0B259B6F820005D4E5 /* ViewRouter.swift */; };
		89627B18259BA9900005D4E5 /* ActivityIndicator.swift in Sources */ = {isa = PBXBuildFile; fileRef = 89627B17259BA9900005D4E5 /* ActivityIndicator.swift */; };
		89684EAF257BF39400617F15 /* LoadViewTests.swift in Sources */ = {isa = PBXBuildFile; fileRef = 89684EAE257BF39400617F15 /* LoadViewTests.swift */; };
		896C37FD254DD89D00A1A648 /* GetProductListUseCaseTests.swift in Sources */ = {isa = PBXBuildFile; fileRef = 896C37FC254DD89D00A1A648 /* GetProductListUseCaseTests.swift */; };
		896C3808254DDC6300A1A648 /* GetProductListUseCase.swift in Sources */ = {isa = PBXBuildFile; fileRef = 896C3807254DDC6300A1A648 /* GetProductListUseCase.swift */; };
		896FB77D254A1CC500A55F12 /* ShopUIApp.swift in Sources */ = {isa = PBXBuildFile; fileRef = 896FB77C254A1CC500A55F12 /* ShopUIApp.swift */; };
		896FB781254A1CC700A55F12 /* Assets.xcassets in Resources */ = {isa = PBXBuildFile; fileRef = 896FB780254A1CC700A55F12 /* Assets.xcassets */; };
		896FB784254A1CC700A55F12 /* Preview Assets.xcassets in Resources */ = {isa = PBXBuildFile; fileRef = 896FB783254A1CC700A55F12 /* Preview Assets.xcassets */; };
		896FB79A254A1CC700A55F12 /* ShopUIUITests.swift in Sources */ = {isa = PBXBuildFile; fileRef = 896FB799254A1CC700A55F12 /* ShopUIUITests.swift */; };
		8975C7E5258FF07300260F7A /* Extensions.swift in Sources */ = {isa = PBXBuildFile; fileRef = 8975C7E4258FF07300260F7A /* Extensions.swift */; };
		897BA5212551F05300D87FE0 /* ProductListViewModel.swift in Sources */ = {isa = PBXBuildFile; fileRef = 897BA5202551F05300D87FE0 /* ProductListViewModel.swift */; };
		897BA5282551F09E00D87FE0 /* ProductListViewModelTests.swift in Sources */ = {isa = PBXBuildFile; fileRef = 897BA5272551F09E00D87FE0 /* ProductListViewModelTests.swift */; };
		897BA5342551F5ED00D87FE0 /* ProductListView.swift in Sources */ = {isa = PBXBuildFile; fileRef = 897BA5332551F5ED00D87FE0 /* ProductListView.swift */; };
		897BA53A2551F8F400D87FE0 /* ProductListViewTests.swift in Sources */ = {isa = PBXBuildFile; fileRef = 897BA5392551F8F400D87FE0 /* ProductListViewTests.swift */; };
		89822F56255073C800902416 /* AutoMockable.generated.swift in Sources */ = {isa = PBXBuildFile; fileRef = 89822F55255073C800902416 /* AutoMockable.generated.swift */; };
		89B8FD5F25608FA200D7CAAE /* APIData.swift in Sources */ = {isa = PBXBuildFile; fileRef = 89B8FD5E25608FA200D7CAAE /* APIData.swift */; };
		89EACD4425A0F39400435265 /* WishlistView.swift in Sources */ = {isa = PBXBuildFile; fileRef = 89EACD4325A0F39400435265 /* WishlistView.swift */; };
		89EACD4925A0F75700435265 /* WishlistViewModel.swift in Sources */ = {isa = PBXBuildFile; fileRef = 89EACD4825A0F75700435265 /* WishlistViewModel.swift */; };
		89EB692825619EEE001504DF /* APIListMapper.swift in Sources */ = {isa = PBXBuildFile; fileRef = 89EB692725619EEE001504DF /* APIListMapper.swift */; };
		89F06881257EE0A40029BE5C /* ProductDetailsView.swift in Sources */ = {isa = PBXBuildFile; fileRef = 89F06880257EE0A40029BE5C /* ProductDetailsView.swift */; };
		89F0688D257EF2760029BE5C /* ProductDetailsViewTests.swift in Sources */ = {isa = PBXBuildFile; fileRef = 89F0688C257EF2760029BE5C /* ProductDetailsViewTests.swift */; };
		89FB78142576F8CC00BA44B3 /* LoadView.swift in Sources */ = {isa = PBXBuildFile; fileRef = 89FB78132576F8CC00BA44B3 /* LoadView.swift */; };
		EF1C8B98338E563F3E857865 /* Pods_ShopUITests.framework in Frameworks */ = {isa = PBXBuildFile; fileRef = 9C1749A21A947158DAF0FB10 /* Pods_ShopUITests.framework */; };
/* End PBXBuildFile section */

/* Begin PBXContainerItemProxy section */
		896FB78B254A1CC700A55F12 /* PBXContainerItemProxy */ = {
			isa = PBXContainerItemProxy;
			containerPortal = 896FB771254A1CC500A55F12 /* Project object */;
			proxyType = 1;
			remoteGlobalIDString = 896FB778254A1CC500A55F12;
			remoteInfo = ShopUI;
		};
		896FB796254A1CC700A55F12 /* PBXContainerItemProxy */ = {
			isa = PBXContainerItemProxy;
			containerPortal = 896FB771254A1CC500A55F12 /* Project object */;
			proxyType = 1;
			remoteGlobalIDString = 896FB778254A1CC500A55F12;
			remoteInfo = ShopUI;
		};
/* End PBXContainerItemProxy section */

/* Begin PBXFileReference section */
		1A8F37F4F6040BB0B7F1AA9A /* Pods-ShopUIUITests.release.xcconfig */ = {isa = PBXFileReference; includeInIndex = 1; lastKnownFileType = text.xcconfig; name = "Pods-ShopUIUITests.release.xcconfig"; path = "Target Support Files/Pods-ShopUIUITests/Pods-ShopUIUITests.release.xcconfig"; sourceTree = "<group>"; };
		3FDACE5E6F27CF70703ACE90 /* Pods_ShopUI.framework */ = {isa = PBXFileReference; explicitFileType = wrapper.framework; includeInIndex = 0; path = Pods_ShopUI.framework; sourceTree = BUILT_PRODUCTS_DIR; };
		5690F29F8A99F48438C494A1 /* Pods-ShopUI.release.xcconfig */ = {isa = PBXFileReference; includeInIndex = 1; lastKnownFileType = text.xcconfig; name = "Pods-ShopUI.release.xcconfig"; path = "Target Support Files/Pods-ShopUI/Pods-ShopUI.release.xcconfig"; sourceTree = "<group>"; };
		7644B2FD9275296B836619CD /* Pods-ShopUITests.release.xcconfig */ = {isa = PBXFileReference; includeInIndex = 1; lastKnownFileType = text.xcconfig; name = "Pods-ShopUITests.release.xcconfig"; path = "Target Support Files/Pods-ShopUITests/Pods-ShopUITests.release.xcconfig"; sourceTree = "<group>"; };
		89001FA72583E99500C5107B /* APIDetailsMapper.swift */ = {isa = PBXFileReference; lastKnownFileType = sourcecode.swift; path = APIDetailsMapper.swift; sourceTree = "<group>"; };
		89001FAC2583EC2D00C5107B /* APIDetailsMapperTests.swift */ = {isa = PBXFileReference; lastKnownFileType = sourcecode.swift; path = APIDetailsMapperTests.swift; sourceTree = "<group>"; };
		89001FB12583F33800C5107B /* ProductListConfigurator.swift */ = {isa = PBXFileReference; lastKnownFileType = sourcecode.swift; path = ProductListConfigurator.swift; sourceTree = "<group>"; };
		8905F90A2582CC7700413DB9 /* ProductDetailsViewModel.swift */ = {isa = PBXFileReference; lastKnownFileType = sourcecode.swift; path = ProductDetailsViewModel.swift; sourceTree = "<group>"; };
		8905F90F2582CC8000413DB9 /* ProductDetailsViewModelTests.swift */ = {isa = PBXFileReference; lastKnownFileType = sourcecode.swift; path = ProductDetailsViewModelTests.swift; sourceTree = "<group>"; };
		8905F9182582CFF800413DB9 /* GetProductDetailsUseCase.swift */ = {isa = PBXFileReference; lastKnownFileType = sourcecode.swift; path = GetProductDetailsUseCase.swift; sourceTree = "<group>"; };
		8905F92C2582D1A500413DB9 /* GetProductDetailsUseCaseTests.swift */ = {isa = PBXFileReference; lastKnownFileType = sourcecode.swift; path = GetProductDetailsUseCaseTests.swift; sourceTree = "<group>"; };
		89122766254DF72C0004E105 /* AutoMockable.swift */ = {isa = PBXFileReference; lastKnownFileType = sourcecode.swift; path = AutoMockable.swift; sourceTree = "<group>"; };
		8916F2462575630F00216AAF /* ProductConverter.swift */ = {isa = PBXFileReference; lastKnownFileType = sourcecode.swift; path = ProductConverter.swift; sourceTree = "<group>"; };
		8916F24B2575632200216AAF /* ProductConverterTests.swift */ = {isa = PBXFileReference; lastKnownFileType = sourcecode.swift; path = ProductConverterTests.swift; sourceTree = "<group>"; };
		892FF6A4257D51A7000F6B4D /* letterPaths.swift */ = {isa = PBXFileReference; lastKnownFileType = sourcecode.swift; path = letterPaths.swift; sourceTree = "<group>"; };
		89314DB92583E3C000C47FB7 /* ProductDetailsConfigurator.swift */ = {isa = PBXFileReference; lastKnownFileType = sourcecode.swift; path = ProductDetailsConfigurator.swift; sourceTree = "<group>"; };
		89331EB62561BB1700763223 /* APIListMapperTests.swift */ = {isa = PBXFileReference; lastKnownFileType = sourcecode.swift; path = APIListMapperTests.swift; sourceTree = "<group>"; };
		89387036254EE87500F0F6E1 /* ProductList.swift */ = {isa = PBXFileReference; lastKnownFileType = sourcecode.swift; path = ProductList.swift; sourceTree = "<group>"; };
		8938703C254EEA4200F0F6E1 /* ProductListTests.swift */ = {isa = PBXFileReference; lastKnownFileType = sourcecode.swift; path = ProductListTests.swift; sourceTree = "<group>"; };
		8938704C254EEB6300F0F6E1 /* Product.swift */ = {isa = PBXFileReference; lastKnownFileType = sourcecode.swift; path = Product.swift; sourceTree = "<group>"; };
		895147B6255F48C0001DA941 /* APIRepository.swift */ = {isa = PBXFileReference; lastKnownFileType = sourcecode.swift; path = APIRepository.swift; sourceTree = "<group>"; };
		895147BE255F4B36001DA941 /* APIRepositoryTests.swift */ = {isa = PBXFileReference; lastKnownFileType = sourcecode.swift; name = APIRepositoryTests.swift; path = ShopUITests/Data/APIRepositoryTests.swift; sourceTree = SOURCE_ROOT; };
		895147C6255F4BA3001DA941 /* APIRepositoryImplementation.swift */ = {isa = PBXFileReference; lastKnownFileType = sourcecode.swift; path = APIRepositoryImplementation.swift; sourceTree = "<group>"; };
		895147CC255F578D001DA941 /* APIDataSource.swift */ = {isa = PBXFileReference; lastKnownFileType = sourcecode.swift; path = APIDataSource.swift; sourceTree = "<group>"; };
		89573619259F99E00060CAF2 /* WishlistButton.swift */ = {isa = PBXFileReference; lastKnownFileType = sourcecode.swift; path = WishlistButton.swift; sourceTree = "<group>"; };
		8957788D254EDEF70047C36A /* ProductListConverter.swift */ = {isa = PBXFileReference; lastKnownFileType = sourcecode.swift; path = ProductListConverter.swift; sourceTree = "<group>"; };
		89577893254EE07D0047C36A /* ProductListConverterTests.swift */ = {isa = PBXFileReference; lastKnownFileType = sourcecode.swift; path = ProductListConverterTests.swift; sourceTree = "<group>"; };
		89627B05259B60180005D4E5 /* HomeView.swift */ = {isa = PBXFileReference; lastKnownFileType = sourcecode.swift; path = HomeView.swift; sourceTree = "<group>"; };
		89627B0B259B6F820005D4E5 /* ViewRouter.swift */ = {isa = PBXFileReference; lastKnownFileType = sourcecode.swift; path = ViewRouter.swift; sourceTree = "<group>"; };
		89627B17259BA9900005D4E5 /* ActivityIndicator.swift */ = {isa = PBXFileReference; lastKnownFileType = sourcecode.swift; path = ActivityIndicator.swift; sourceTree = "<group>"; };
		89684EAE257BF39400617F15 /* LoadViewTests.swift */ = {isa = PBXFileReference; lastKnownFileType = sourcecode.swift; path = LoadViewTests.swift; sourceTree = "<group>"; };
		896C37FC254DD89D00A1A648 /* GetProductListUseCaseTests.swift */ = {isa = PBXFileReference; lastKnownFileType = sourcecode.swift; path = GetProductListUseCaseTests.swift; sourceTree = "<group>"; };
		896C3807254DDC6300A1A648 /* GetProductListUseCase.swift */ = {isa = PBXFileReference; lastKnownFileType = sourcecode.swift; path = GetProductListUseCase.swift; sourceTree = "<group>"; };
		896FB779254A1CC500A55F12 /* ShopUI.app */ = {isa = PBXFileReference; explicitFileType = wrapper.application; includeInIndex = 0; path = ShopUI.app; sourceTree = BUILT_PRODUCTS_DIR; };
		896FB77C254A1CC500A55F12 /* ShopUIApp.swift */ = {isa = PBXFileReference; lastKnownFileType = sourcecode.swift; path = ShopUIApp.swift; sourceTree = "<group>"; };
		896FB780254A1CC700A55F12 /* Assets.xcassets */ = {isa = PBXFileReference; lastKnownFileType = folder.assetcatalog; path = Assets.xcassets; sourceTree = "<group>"; };
		896FB783254A1CC700A55F12 /* Preview Assets.xcassets */ = {isa = PBXFileReference; lastKnownFileType = folder.assetcatalog; path = "Preview Assets.xcassets"; sourceTree = "<group>"; };
		896FB785254A1CC700A55F12 /* Info.plist */ = {isa = PBXFileReference; lastKnownFileType = text.plist.xml; path = Info.plist; sourceTree = "<group>"; };
		896FB78A254A1CC700A55F12 /* ShopUITests.xctest */ = {isa = PBXFileReference; explicitFileType = wrapper.cfbundle; includeInIndex = 0; path = ShopUITests.xctest; sourceTree = BUILT_PRODUCTS_DIR; };
		896FB790254A1CC700A55F12 /* Info.plist */ = {isa = PBXFileReference; lastKnownFileType = text.plist.xml; path = Info.plist; sourceTree = "<group>"; };
		896FB795254A1CC700A55F12 /* ShopUIUITests.xctest */ = {isa = PBXFileReference; explicitFileType = wrapper.cfbundle; includeInIndex = 0; path = ShopUIUITests.xctest; sourceTree = BUILT_PRODUCTS_DIR; };
		896FB799254A1CC700A55F12 /* ShopUIUITests.swift */ = {isa = PBXFileReference; lastKnownFileType = sourcecode.swift; path = ShopUIUITests.swift; sourceTree = "<group>"; };
		896FB79B254A1CC700A55F12 /* Info.plist */ = {isa = PBXFileReference; lastKnownFileType = text.plist.xml; path = Info.plist; sourceTree = "<group>"; };
		8975C7E4258FF07300260F7A /* Extensions.swift */ = {isa = PBXFileReference; lastKnownFileType = sourcecode.swift; path = Extensions.swift; sourceTree = "<group>"; };
		897BA5202551F05300D87FE0 /* ProductListViewModel.swift */ = {isa = PBXFileReference; lastKnownFileType = sourcecode.swift; path = ProductListViewModel.swift; sourceTree = "<group>"; };
		897BA5272551F09E00D87FE0 /* ProductListViewModelTests.swift */ = {isa = PBXFileReference; lastKnownFileType = sourcecode.swift; path = ProductListViewModelTests.swift; sourceTree = "<group>"; };
		897BA5332551F5ED00D87FE0 /* ProductListView.swift */ = {isa = PBXFileReference; lastKnownFileType = sourcecode.swift; path = ProductListView.swift; sourceTree = "<group>"; };
		897BA5392551F8F400D87FE0 /* ProductListViewTests.swift */ = {isa = PBXFileReference; lastKnownFileType = sourcecode.swift; path = ProductListViewTests.swift; sourceTree = "<group>"; };
		89822F55255073C800902416 /* AutoMockable.generated.swift */ = {isa = PBXFileReference; fileEncoding = 4; lastKnownFileType = sourcecode.swift; path = AutoMockable.generated.swift; sourceTree = "<group>"; };
		89B8FD5E25608FA200D7CAAE /* APIData.swift */ = {isa = PBXFileReference; lastKnownFileType = sourcecode.swift; path = APIData.swift; sourceTree = "<group>"; };
		89EACD4325A0F39400435265 /* WishlistView.swift */ = {isa = PBXFileReference; lastKnownFileType = sourcecode.swift; path = WishlistView.swift; sourceTree = "<group>"; };
		89EACD4825A0F75700435265 /* WishlistViewModel.swift */ = {isa = PBXFileReference; lastKnownFileType = sourcecode.swift; path = WishlistViewModel.swift; sourceTree = "<group>"; };
		89EB692725619EEE001504DF /* APIListMapper.swift */ = {isa = PBXFileReference; lastKnownFileType = sourcecode.swift; path = APIListMapper.swift; sourceTree = "<group>"; };
		89F06880257EE0A40029BE5C /* ProductDetailsView.swift */ = {isa = PBXFileReference; lastKnownFileType = sourcecode.swift; path = ProductDetailsView.swift; sourceTree = "<group>"; };
		89F0688C257EF2760029BE5C /* ProductDetailsViewTests.swift */ = {isa = PBXFileReference; lastKnownFileType = sourcecode.swift; path = ProductDetailsViewTests.swift; sourceTree = "<group>"; };
		89FB78132576F8CC00BA44B3 /* LoadView.swift */ = {isa = PBXFileReference; lastKnownFileType = sourcecode.swift; path = LoadView.swift; sourceTree = "<group>"; };
		9C1749A21A947158DAF0FB10 /* Pods_ShopUITests.framework */ = {isa = PBXFileReference; explicitFileType = wrapper.framework; includeInIndex = 0; path = Pods_ShopUITests.framework; sourceTree = BUILT_PRODUCTS_DIR; };
		B50051C20DDADE8557748B14 /* Pods-ShopUIUITests.debug.xcconfig */ = {isa = PBXFileReference; includeInIndex = 1; lastKnownFileType = text.xcconfig; name = "Pods-ShopUIUITests.debug.xcconfig"; path = "Target Support Files/Pods-ShopUIUITests/Pods-ShopUIUITests.debug.xcconfig"; sourceTree = "<group>"; };
		D181041F5EBB3CAF4AD52E83 /* Pods-ShopUI.debug.xcconfig */ = {isa = PBXFileReference; includeInIndex = 1; lastKnownFileType = text.xcconfig; name = "Pods-ShopUI.debug.xcconfig"; path = "Target Support Files/Pods-ShopUI/Pods-ShopUI.debug.xcconfig"; sourceTree = "<group>"; };
		D65648028CB3DAEA9CAB3333 /* Pods-ShopUITests.debug.xcconfig */ = {isa = PBXFileReference; includeInIndex = 1; lastKnownFileType = text.xcconfig; name = "Pods-ShopUITests.debug.xcconfig"; path = "Target Support Files/Pods-ShopUITests/Pods-ShopUITests.debug.xcconfig"; sourceTree = "<group>"; };
		F590BD32C0794C9839CBCB1B /* libPods-ShopUIUITests.a */ = {isa = PBXFileReference; explicitFileType = archive.ar; includeInIndex = 0; path = "libPods-ShopUIUITests.a"; sourceTree = BUILT_PRODUCTS_DIR; };
/* End PBXFileReference section */

/* Begin PBXFrameworksBuildPhase section */
		896FB776254A1CC500A55F12 /* Frameworks */ = {
			isa = PBXFrameworksBuildPhase;
			buildActionMask = 2147483647;
			files = (
				1FF5F93415DD45646B847C9E /* Pods_ShopUI.framework in Frameworks */,
			);
			runOnlyForDeploymentPostprocessing = 0;
		};
		896FB787254A1CC700A55F12 /* Frameworks */ = {
			isa = PBXFrameworksBuildPhase;
			buildActionMask = 2147483647;
			files = (
				EF1C8B98338E563F3E857865 /* Pods_ShopUITests.framework in Frameworks */,
			);
			runOnlyForDeploymentPostprocessing = 0;
		};
		896FB792254A1CC700A55F12 /* Frameworks */ = {
			isa = PBXFrameworksBuildPhase;
			buildActionMask = 2147483647;
			files = (
				0B1281E49D5FB91F3783ECEA /* libPods-ShopUIUITests.a in Frameworks */,
			);
			runOnlyForDeploymentPostprocessing = 0;
		};
/* End PBXFrameworksBuildPhase section */

/* Begin PBXGroup section */
		8905F9172582CFDB00413DB9 /* ProductDetail */ = {
			isa = PBXGroup;
			children = (
				8905F9182582CFF800413DB9 /* GetProductDetailsUseCase.swift */,
			);
			path = ProductDetail;
			sourceTree = "<group>";
		};
		89122765254DF71C0004E105 /* Utils */ = {
			isa = PBXGroup;
			children = (
				89122766254DF72C0004E105 /* AutoMockable.swift */,
				8975C7E4258FF07300260F7A /* Extensions.swift */,
			);
			path = Utils;
			sourceTree = "<group>";
		};
		8916F2452575625D00216AAF /* ProductList */ = {
			isa = PBXGroup;
			children = (
				897BA5332551F5ED00D87FE0 /* ProductListView.swift */,
				897BA5202551F05300D87FE0 /* ProductListViewModel.swift */,
				89001FB12583F33800C5107B /* ProductListConfigurator.swift */,
			);
			path = ProductList;
			sourceTree = "<group>";
		};
		89264E51256195FB00A645DF /* Mapper */ = {
			isa = PBXGroup;
			children = (
				89EB692725619EEE001504DF /* APIListMapper.swift */,
				89001FA72583E99500C5107B /* APIDetailsMapper.swift */,
			);
			path = Mapper;
			sourceTree = "<group>";
		};
		89264E522561961E00A645DF /* Mapper */ = {
			isa = PBXGroup;
			children = (
				89331EB62561BB1700763223 /* APIListMapperTests.swift */,
				89001FAC2583EC2D00C5107B /* APIDetailsMapperTests.swift */,
			);
			path = Mapper;
			sourceTree = "<group>";
		};
		89387035254EE86600F0F6E1 /* BOs */ = {
			isa = PBXGroup;
			children = (
				89387036254EE87500F0F6E1 /* ProductList.swift */,
				8938704C254EEB6300F0F6E1 /* Product.swift */,
			);
			path = BOs;
			sourceTree = "<group>";
		};
		8938703B254EE91E00F0F6E1 /* BOs */ = {
			isa = PBXGroup;
			children = (
				8938703C254EEA4200F0F6E1 /* ProductListTests.swift */,
			);
			path = BOs;
			sourceTree = "<group>";
		};
		895147B2255F4808001DA941 /* Repositories */ = {
			isa = PBXGroup;
			children = (
				895147B6255F48C0001DA941 /* APIRepository.swift */,
			);
			path = Repositories;
			sourceTree = "<group>";
		};
		895147BB255F4A81001DA941 /* Data */ = {
			isa = PBXGroup;
			children = (
				89264E522561961E00A645DF /* Mapper */,
				895147BC255F4ADC001DA941 /* Repositories */,
			);
			path = Data;
			sourceTree = "<group>";
		};
		895147BC255F4ADC001DA941 /* Repositories */ = {
			isa = PBXGroup;
			children = (
				895147BE255F4B36001DA941 /* APIRepositoryTests.swift */,
			);
			path = Repositories;
			sourceTree = "<group>";
		};
		895147BD255F4AE6001DA941 /* Repositories */ = {
			isa = PBXGroup;
			children = (
				895147C6255F4BA3001DA941 /* APIRepositoryImplementation.swift */,
			);
			path = Repositories;
			sourceTree = "<group>";
		};
		895147CB255F5665001DA941 /* DataSource */ = {
			isa = PBXGroup;
			children = (
				89B8FD5C25608F6100D7CAAE /* API */,
			);
			path = DataSource;
			sourceTree = "<group>";
		};
		89573618259F99CA0060CAF2 /* Wishlist */ = {
			isa = PBXGroup;
			children = (
				89EACD4325A0F39400435265 /* WishlistView.swift */,
				89EACD4825A0F75700435265 /* WishlistViewModel.swift */,
			);
			path = Wishlist;
			sourceTree = "<group>";
		};
		8957788A254EDE8D0047C36A /* Domain */ = {
			isa = PBXGroup;
			children = (
				895147B2255F4808001DA941 /* Repositories */,
				896C37FA254DD87300A1A648 /* UseCases */,
			);
			path = Domain;
			sourceTree = "<group>";
		};
		8957788B254EDE9B0047C36A /* Converter */ = {
			isa = PBXGroup;
			children = (
				8957788D254EDEF70047C36A /* ProductListConverter.swift */,
				8916F2462575630F00216AAF /* ProductConverter.swift */,
			);
			path = Converter;
			sourceTree = "<group>";
		};
		8957788C254EDED10047C36A /* ProductList */ = {
			isa = PBXGroup;
			children = (
				896C3807254DDC6300A1A648 /* GetProductListUseCase.swift */,
				8957788B254EDE9B0047C36A /* Converter */,
			);
			path = ProductList;
			sourceTree = "<group>";
		};
		89577892254EE0630047C36A /* Converter */ = {
			isa = PBXGroup;
			children = (
				89577893254EE07D0047C36A /* ProductListConverterTests.swift */,
				8916F24B2575632200216AAF /* ProductConverterTests.swift */,
			);
			path = Converter;
			sourceTree = "<group>";
		};
		89627B01259B5FE30005D4E5 /* Home */ = {
			isa = PBXGroup;
			children = (
				89627B05259B60180005D4E5 /* HomeView.swift */,
			);
			path = Home;
			sourceTree = "<group>";
		};
		89627B0A259B6F700005D4E5 /* Router */ = {
			isa = PBXGroup;
			children = (
				89627B0B259B6F820005D4E5 /* ViewRouter.swift */,
			);
			path = Router;
			sourceTree = "<group>";
		};
		89627B16259BA9710005D4E5 /* ReusableComponents */ = {
			isa = PBXGroup;
			children = (
				89627B17259BA9900005D4E5 /* ActivityIndicator.swift */,
			);
			path = ReusableComponents;
			sourceTree = "<group>";
		};
		89684EAD257BF37A00617F15 /* LoadView */ = {
			isa = PBXGroup;
			children = (
				89684EAE257BF39400617F15 /* LoadViewTests.swift */,
			);
			path = LoadView;
			sourceTree = "<group>";
		};
		896C37FA254DD87300A1A648 /* UseCases */ = {
			isa = PBXGroup;
			children = (
				89387035254EE86600F0F6E1 /* BOs */,
				8905F9172582CFDB00413DB9 /* ProductDetail */,
				8957788C254EDED10047C36A /* ProductList */,
			);
			path = UseCases;
			sourceTree = "<group>";
		};
		896C37FB254DD88200A1A648 /* UseCases */ = {
			isa = PBXGroup;
			children = (
				896C37FC254DD89D00A1A648 /* GetProductListUseCaseTests.swift */,
				8905F92C2582D1A500413DB9 /* GetProductDetailsUseCaseTests.swift */,
			);
			path = UseCases;
			sourceTree = "<group>";
		};
		896FB770254A1CC500A55F12 = {
			isa = PBXGroup;
			children = (
				896FB77B254A1CC500A55F12 /* ShopUI */,
				896FB78D254A1CC700A55F12 /* ShopUITests */,
				896FB798254A1CC700A55F12 /* ShopUIUITests */,
				896FB77A254A1CC500A55F12 /* Products */,
				F9EECD64902A77D51508222C /* Pods */,
				902F2894ACBC6B0C9ABD5394 /* Frameworks */,
			);
			sourceTree = "<group>";
		};
		896FB77A254A1CC500A55F12 /* Products */ = {
			isa = PBXGroup;
			children = (
				896FB779254A1CC500A55F12 /* ShopUI.app */,
				896FB78A254A1CC700A55F12 /* ShopUITests.xctest */,
				896FB795254A1CC700A55F12 /* ShopUIUITests.xctest */,
			);
			name = Products;
			sourceTree = "<group>";
		};
		896FB77B254A1CC500A55F12 /* ShopUI */ = {
			isa = PBXGroup;
			children = (
				8982A65425544075000F04F2 /* Data */,
				8957788A254EDE8D0047C36A /* Domain */,
				897BA51F2551F03800D87FE0 /* Design */,
				89122765254DF71C0004E105 /* Utils */,
				896FB77C254A1CC500A55F12 /* ShopUIApp.swift */,
				896FB780254A1CC700A55F12 /* Assets.xcassets */,
				896FB785254A1CC700A55F12 /* Info.plist */,
				896FB782254A1CC700A55F12 /* Preview Content */,
			);
			path = ShopUI;
			sourceTree = "<group>";
		};
		896FB782254A1CC700A55F12 /* Preview Content */ = {
			isa = PBXGroup;
			children = (
				896FB783254A1CC700A55F12 /* Preview Assets.xcassets */,
			);
			path = "Preview Content";
			sourceTree = "<group>";
		};
		896FB78D254A1CC700A55F12 /* ShopUITests */ = {
			isa = PBXGroup;
			children = (
				895147BB255F4A81001DA941 /* Data */,
				897BA5252551F07A00D87FE0 /* Domain */,
				897BA5262551F09000D87FE0 /* Design */,
				89D03F7F254E03E400649BEB /* Autogenerated */,
				896FB790254A1CC700A55F12 /* Info.plist */,
			);
			path = ShopUITests;
			sourceTree = "<group>";
		};
		896FB798254A1CC700A55F12 /* ShopUIUITests */ = {
			isa = PBXGroup;
			children = (
				896FB799254A1CC700A55F12 /* ShopUIUITests.swift */,
				896FB79B254A1CC700A55F12 /* Info.plist */,
			);
			path = ShopUIUITests;
			sourceTree = "<group>";
		};
		897BA51F2551F03800D87FE0 /* Design */ = {
			isa = PBXGroup;
			children = (
				89627B16259BA9710005D4E5 /* ReusableComponents */,
				89627B0A259B6F700005D4E5 /* Router */,
				897BA5322551F5CC00D87FE0 /* Feature */,
			);
			path = Design;
			sourceTree = "<group>";
		};
		897BA5252551F07A00D87FE0 /* Domain */ = {
			isa = PBXGroup;
			children = (
				896C37FB254DD88200A1A648 /* UseCases */,
				89577892254EE0630047C36A /* Converter */,
				8938703B254EE91E00F0F6E1 /* BOs */,
			);
			path = Domain;
			sourceTree = "<group>";
		};
		897BA5262551F09000D87FE0 /* Design */ = {
			isa = PBXGroup;
			children = (
				897BA5382551F8D600D87FE0 /* Feature */,
			);
			path = Design;
			sourceTree = "<group>";
		};
		897BA5322551F5CC00D87FE0 /* Feature */ = {
			isa = PBXGroup;
			children = (
				89FB78122576F8C000BA44B3 /* LoadView */,
				89627B01259B5FE30005D4E5 /* Home */,
				8916F2452575625D00216AAF /* ProductList */,
				89F0687F257EE0920029BE5C /* ProductDetail */,
				89573618259F99CA0060CAF2 /* Wishlist */,
			);
			path = Feature;
			sourceTree = "<group>";
		};
		897BA5382551F8D600D87FE0 /* Feature */ = {
			isa = PBXGroup;
			children = (
				89F0688B257EF2610029BE5C /* ProductDetail */,
				89684EAD257BF37A00617F15 /* LoadView */,
				89FB78022576F42200BA44B3 /* ProductList */,
			);
			path = Feature;
			sourceTree = "<group>";
		};
		8982A65425544075000F04F2 /* Data */ = {
			isa = PBXGroup;
			children = (
				895147CB255F5665001DA941 /* DataSource */,
				89264E51256195FB00A645DF /* Mapper */,
				895147BD255F4AE6001DA941 /* Repositories */,
			);
			path = Data;
			sourceTree = "<group>";
		};
		89B8FD5C25608F6100D7CAAE /* API */ = {
			isa = PBXGroup;
			children = (
				89B8FD5D25608F6C00D7CAAE /* APIData */,
				895147CC255F578D001DA941 /* APIDataSource.swift */,
			);
			path = API;
			sourceTree = "<group>";
		};
		89B8FD5D25608F6C00D7CAAE /* APIData */ = {
			isa = PBXGroup;
			children = (
				89B8FD5E25608FA200D7CAAE /* APIData.swift */,
			);
			path = APIData;
			sourceTree = "<group>";
		};
		89D03F7F254E03E400649BEB /* Autogenerated */ = {
			isa = PBXGroup;
			children = (
				89822F55255073C800902416 /* AutoMockable.generated.swift */,
			);
			path = Autogenerated;
			sourceTree = "<group>";
		};
		89F0687F257EE0920029BE5C /* ProductDetail */ = {
			isa = PBXGroup;
			children = (
				89573619259F99E00060CAF2 /* WishlistButton.swift */,
				89F06880257EE0A40029BE5C /* ProductDetailsView.swift */,
				8905F90A2582CC7700413DB9 /* ProductDetailsViewModel.swift */,
				89314DB92583E3C000C47FB7 /* ProductDetailsConfigurator.swift */,
			);
			path = ProductDetail;
			sourceTree = "<group>";
		};
		89F0688B257EF2610029BE5C /* ProductDetail */ = {
			isa = PBXGroup;
			children = (
				89F0688C257EF2760029BE5C /* ProductDetailsViewTests.swift */,
				8905F90F2582CC8000413DB9 /* ProductDetailsViewModelTests.swift */,
			);
			path = ProductDetail;
			sourceTree = "<group>";
		};
		89FB78022576F42200BA44B3 /* ProductList */ = {
			isa = PBXGroup;
			children = (
				897BA5392551F8F400D87FE0 /* ProductListViewTests.swift */,
				897BA5272551F09E00D87FE0 /* ProductListViewModelTests.swift */,
			);
			path = ProductList;
			sourceTree = "<group>";
		};
		89FB78122576F8C000BA44B3 /* LoadView */ = {
			isa = PBXGroup;
			children = (
				89FB78132576F8CC00BA44B3 /* LoadView.swift */,
				892FF6A4257D51A7000F6B4D /* letterPaths.swift */,
			);
			path = LoadView;
			sourceTree = "<group>";
		};
		902F2894ACBC6B0C9ABD5394 /* Frameworks */ = {
			isa = PBXGroup;
			children = (
				F590BD32C0794C9839CBCB1B /* libPods-ShopUIUITests.a */,
				9C1749A21A947158DAF0FB10 /* Pods_ShopUITests.framework */,
				3FDACE5E6F27CF70703ACE90 /* Pods_ShopUI.framework */,
			);
			name = Frameworks;
			sourceTree = "<group>";
		};
		F9EECD64902A77D51508222C /* Pods */ = {
			isa = PBXGroup;
			children = (
				D181041F5EBB3CAF4AD52E83 /* Pods-ShopUI.debug.xcconfig */,
				5690F29F8A99F48438C494A1 /* Pods-ShopUI.release.xcconfig */,
				D65648028CB3DAEA9CAB3333 /* Pods-ShopUITests.debug.xcconfig */,
				7644B2FD9275296B836619CD /* Pods-ShopUITests.release.xcconfig */,
				B50051C20DDADE8557748B14 /* Pods-ShopUIUITests.debug.xcconfig */,
				1A8F37F4F6040BB0B7F1AA9A /* Pods-ShopUIUITests.release.xcconfig */,
			);
			path = Pods;
			sourceTree = "<group>";
		};
/* End PBXGroup section */

/* Begin PBXNativeTarget section */
		896FB778254A1CC500A55F12 /* ShopUI */ = {
			isa = PBXNativeTarget;
			buildConfigurationList = 896FB79E254A1CC700A55F12 /* Build configuration list for PBXNativeTarget "ShopUI" */;
			buildPhases = (
				9744668CB72F0F5BF6C281A2 /* [CP] Check Pods Manifest.lock */,
				896FB775254A1CC500A55F12 /* Sources */,
				896FB776254A1CC500A55F12 /* Frameworks */,
				896FB777254A1CC500A55F12 /* Resources */,
				CB697B5432E3794C6C088767 /* [CP] Embed Pods Frameworks */,
			);
			buildRules = (
			);
			dependencies = (
			);
			name = ShopUI;
			productName = ShopUI;
			productReference = 896FB779254A1CC500A55F12 /* ShopUI.app */;
			productType = "com.apple.product-type.application";
		};
		896FB789254A1CC700A55F12 /* ShopUITests */ = {
			isa = PBXNativeTarget;
			buildConfigurationList = 896FB7A1254A1CC700A55F12 /* Build configuration list for PBXNativeTarget "ShopUITests" */;
			buildPhases = (
				0FAF5F8D85C81A1AD8E3A57B /* [CP] Check Pods Manifest.lock */,
				89122773254DFFE00004E105 /* ShellScript */,
				896FB786254A1CC700A55F12 /* Sources */,
				896FB787254A1CC700A55F12 /* Frameworks */,
				896FB788254A1CC700A55F12 /* Resources */,
				40040AF2F0D74AABC63DE6F3 /* [CP] Embed Pods Frameworks */,
			);
			buildRules = (
			);
			dependencies = (
				896FB78C254A1CC700A55F12 /* PBXTargetDependency */,
			);
			name = ShopUITests;
			productName = ShopUITests;
			productReference = 896FB78A254A1CC700A55F12 /* ShopUITests.xctest */;
			productType = "com.apple.product-type.bundle.unit-test";
		};
		896FB794254A1CC700A55F12 /* ShopUIUITests */ = {
			isa = PBXNativeTarget;
			buildConfigurationList = 896FB7A4254A1CC700A55F12 /* Build configuration list for PBXNativeTarget "ShopUIUITests" */;
			buildPhases = (
				0B4A0EFE805E8CEFD5BA396C /* [CP] Check Pods Manifest.lock */,
				896FB791254A1CC700A55F12 /* Sources */,
				896FB792254A1CC700A55F12 /* Frameworks */,
				896FB793254A1CC700A55F12 /* Resources */,
			);
			buildRules = (
			);
			dependencies = (
				896FB797254A1CC700A55F12 /* PBXTargetDependency */,
			);
			name = ShopUIUITests;
			productName = ShopUIUITests;
			productReference = 896FB795254A1CC700A55F12 /* ShopUIUITests.xctest */;
			productType = "com.apple.product-type.bundle.ui-testing";
		};
/* End PBXNativeTarget section */

/* Begin PBXProject section */
		896FB771254A1CC500A55F12 /* Project object */ = {
			isa = PBXProject;
			attributes = {
				LastSwiftUpdateCheck = 1200;
				LastUpgradeCheck = 1200;
				TargetAttributes = {
					896FB778254A1CC500A55F12 = {
						CreatedOnToolsVersion = 12.0.1;
					};
					896FB789254A1CC700A55F12 = {
						CreatedOnToolsVersion = 12.0.1;
						TestTargetID = 896FB778254A1CC500A55F12;
					};
					896FB794254A1CC700A55F12 = {
						CreatedOnToolsVersion = 12.0.1;
						TestTargetID = 896FB778254A1CC500A55F12;
					};
				};
			};
			buildConfigurationList = 896FB774254A1CC500A55F12 /* Build configuration list for PBXProject "ShopUI" */;
			compatibilityVersion = "Xcode 9.3";
			developmentRegion = en;
			hasScannedForEncodings = 0;
			knownRegions = (
				en,
				Base,
			);
			mainGroup = 896FB770254A1CC500A55F12;
			productRefGroup = 896FB77A254A1CC500A55F12 /* Products */;
			projectDirPath = "";
			projectRoot = "";
			targets = (
				896FB778254A1CC500A55F12 /* ShopUI */,
				896FB789254A1CC700A55F12 /* ShopUITests */,
				896FB794254A1CC700A55F12 /* ShopUIUITests */,
			);
		};
/* End PBXProject section */

/* Begin PBXResourcesBuildPhase section */
		896FB777254A1CC500A55F12 /* Resources */ = {
			isa = PBXResourcesBuildPhase;
			buildActionMask = 2147483647;
			files = (
				896FB784254A1CC700A55F12 /* Preview Assets.xcassets in Resources */,
				896FB781254A1CC700A55F12 /* Assets.xcassets in Resources */,
			);
			runOnlyForDeploymentPostprocessing = 0;
		};
		896FB788254A1CC700A55F12 /* Resources */ = {
			isa = PBXResourcesBuildPhase;
			buildActionMask = 2147483647;
			files = (
			);
			runOnlyForDeploymentPostprocessing = 0;
		};
		896FB793254A1CC700A55F12 /* Resources */ = {
			isa = PBXResourcesBuildPhase;
			buildActionMask = 2147483647;
			files = (
			);
			runOnlyForDeploymentPostprocessing = 0;
		};
/* End PBXResourcesBuildPhase section */

/* Begin PBXShellScriptBuildPhase section */
		0B4A0EFE805E8CEFD5BA396C /* [CP] Check Pods Manifest.lock */ = {
			isa = PBXShellScriptBuildPhase;
			buildActionMask = 2147483647;
			files = (
			);
			inputFileListPaths = (
			);
			inputPaths = (
				"${PODS_PODFILE_DIR_PATH}/Podfile.lock",
				"${PODS_ROOT}/Manifest.lock",
			);
			name = "[CP] Check Pods Manifest.lock";
			outputFileListPaths = (
			);
			outputPaths = (
				"$(DERIVED_FILE_DIR)/Pods-ShopUIUITests-checkManifestLockResult.txt",
			);
			runOnlyForDeploymentPostprocessing = 0;
			shellPath = /bin/sh;
			shellScript = "diff \"${PODS_PODFILE_DIR_PATH}/Podfile.lock\" \"${PODS_ROOT}/Manifest.lock\" > /dev/null\nif [ $? != 0 ] ; then\n    # print error to STDERR\n    echo \"error: The sandbox is not in sync with the Podfile.lock. Run 'pod install' or update your CocoaPods installation.\" >&2\n    exit 1\nfi\n# This output is used by Xcode 'outputs' to avoid re-running this script phase.\necho \"SUCCESS\" > \"${SCRIPT_OUTPUT_FILE_0}\"\n";
			showEnvVarsInLog = 0;
		};
		0FAF5F8D85C81A1AD8E3A57B /* [CP] Check Pods Manifest.lock */ = {
			isa = PBXShellScriptBuildPhase;
			buildActionMask = 2147483647;
			files = (
			);
			inputFileListPaths = (
			);
			inputPaths = (
				"${PODS_PODFILE_DIR_PATH}/Podfile.lock",
				"${PODS_ROOT}/Manifest.lock",
			);
			name = "[CP] Check Pods Manifest.lock";
			outputFileListPaths = (
			);
			outputPaths = (
				"$(DERIVED_FILE_DIR)/Pods-ShopUITests-checkManifestLockResult.txt",
			);
			runOnlyForDeploymentPostprocessing = 0;
			shellPath = /bin/sh;
			shellScript = "diff \"${PODS_PODFILE_DIR_PATH}/Podfile.lock\" \"${PODS_ROOT}/Manifest.lock\" > /dev/null\nif [ $? != 0 ] ; then\n    # print error to STDERR\n    echo \"error: The sandbox is not in sync with the Podfile.lock. Run 'pod install' or update your CocoaPods installation.\" >&2\n    exit 1\nfi\n# This output is used by Xcode 'outputs' to avoid re-running this script phase.\necho \"SUCCESS\" > \"${SCRIPT_OUTPUT_FILE_0}\"\n";
			showEnvVarsInLog = 0;
		};
		40040AF2F0D74AABC63DE6F3 /* [CP] Embed Pods Frameworks */ = {
			isa = PBXShellScriptBuildPhase;
			buildActionMask = 2147483647;
			files = (
			);
			inputFileListPaths = (
				"${PODS_ROOT}/Target Support Files/Pods-ShopUITests/Pods-ShopUITests-frameworks-${CONFIGURATION}-input-files.xcfilelist",
			);
			name = "[CP] Embed Pods Frameworks";
			outputFileListPaths = (
				"${PODS_ROOT}/Target Support Files/Pods-ShopUITests/Pods-ShopUITests-frameworks-${CONFIGURATION}-output-files.xcfilelist",
			);
			runOnlyForDeploymentPostprocessing = 0;
			shellPath = /bin/sh;
			shellScript = "\"${PODS_ROOT}/Target Support Files/Pods-ShopUITests/Pods-ShopUITests-frameworks.sh\"\n";
			showEnvVarsInLog = 0;
		};
		89122773254DFFE00004E105 /* ShellScript */ = {
			isa = PBXShellScriptBuildPhase;
			buildActionMask = 2147483647;
			files = (
			);
			inputFileListPaths = (
			);
			inputPaths = (
			);
			outputFileListPaths = (
			);
			outputPaths = (
			);
			runOnlyForDeploymentPostprocessing = 0;
			shellPath = /bin/sh;
			shellScript = "./Pods/Sourcery/bin/sourcery --sources ./ShopUI --templates ./Other/Sourcery/Templates --output ShopUITests/Autogenerated\n";
		};
		9744668CB72F0F5BF6C281A2 /* [CP] Check Pods Manifest.lock */ = {
			isa = PBXShellScriptBuildPhase;
			buildActionMask = 2147483647;
			files = (
			);
			inputFileListPaths = (
			);
			inputPaths = (
				"${PODS_PODFILE_DIR_PATH}/Podfile.lock",
				"${PODS_ROOT}/Manifest.lock",
			);
			name = "[CP] Check Pods Manifest.lock";
			outputFileListPaths = (
			);
			outputPaths = (
				"$(DERIVED_FILE_DIR)/Pods-ShopUI-checkManifestLockResult.txt",
			);
			runOnlyForDeploymentPostprocessing = 0;
			shellPath = /bin/sh;
			shellScript = "diff \"${PODS_PODFILE_DIR_PATH}/Podfile.lock\" \"${PODS_ROOT}/Manifest.lock\" > /dev/null\nif [ $? != 0 ] ; then\n    # print error to STDERR\n    echo \"error: The sandbox is not in sync with the Podfile.lock. Run 'pod install' or update your CocoaPods installation.\" >&2\n    exit 1\nfi\n# This output is used by Xcode 'outputs' to avoid re-running this script phase.\necho \"SUCCESS\" > \"${SCRIPT_OUTPUT_FILE_0}\"\n";
			showEnvVarsInLog = 0;
		};
		CB697B5432E3794C6C088767 /* [CP] Embed Pods Frameworks */ = {
			isa = PBXShellScriptBuildPhase;
			buildActionMask = 2147483647;
			files = (
			);
			inputFileListPaths = (
				"${PODS_ROOT}/Target Support Files/Pods-ShopUI/Pods-ShopUI-frameworks-${CONFIGURATION}-input-files.xcfilelist",
			);
			name = "[CP] Embed Pods Frameworks";
			outputFileListPaths = (
				"${PODS_ROOT}/Target Support Files/Pods-ShopUI/Pods-ShopUI-frameworks-${CONFIGURATION}-output-files.xcfilelist",
			);
			runOnlyForDeploymentPostprocessing = 0;
			shellPath = /bin/sh;
			shellScript = "\"${PODS_ROOT}/Target Support Files/Pods-ShopUI/Pods-ShopUI-frameworks.sh\"\n";
			showEnvVarsInLog = 0;
		};
/* End PBXShellScriptBuildPhase section */

/* Begin PBXSourcesBuildPhase section */
		896FB775254A1CC500A55F12 /* Sources */ = {
			isa = PBXSourcesBuildPhase;
			buildActionMask = 2147483647;
			files = (
				89627B0C259B6F820005D4E5 /* ViewRouter.swift in Sources */,
				8975C7E5258FF07300260F7A /* Extensions.swift in Sources */,
				89F06881257EE0A40029BE5C /* ProductDetailsView.swift in Sources */,
				89FB78142576F8CC00BA44B3 /* LoadView.swift in Sources */,
				89627B18259BA9900005D4E5 /* ActivityIndicator.swift in Sources */,
				89B8FD5F25608FA200D7CAAE /* APIData.swift in Sources */,
				89122767254DF72C0004E105 /* AutoMockable.swift in Sources */,
				8957788E254EDEF70047C36A /* ProductListConverter.swift in Sources */,
				895147C7255F4BA3001DA941 /* APIRepositoryImplementation.swift in Sources */,
				896C3808254DDC6300A1A648 /* GetProductListUseCase.swift in Sources */,
				89EB692825619EEE001504DF /* APIListMapper.swift in Sources */,
				89387037254EE87500F0F6E1 /* ProductList.swift in Sources */,
				89001FA82583E99500C5107B /* APIDetailsMapper.swift in Sources */,
				896FB77D254A1CC500A55F12 /* ShopUIApp.swift in Sources */,
				89314DBA2583E3C000C47FB7 /* ProductDetailsConfigurator.swift in Sources */,
				89EACD4425A0F39400435265 /* WishlistView.swift in Sources */,
				8916F2472575630F00216AAF /* ProductConverter.swift in Sources */,
				897BA5342551F5ED00D87FE0 /* ProductListView.swift in Sources */,
				89001FB22583F33800C5107B /* ProductListConfigurator.swift in Sources */,
				892FF6A5257D51A7000F6B4D /* letterPaths.swift in Sources */,
				897BA5212551F05300D87FE0 /* ProductListViewModel.swift in Sources */,
				895147B7255F48C0001DA941 /* APIRepository.swift in Sources */,
				8938704D254EEB6300F0F6E1 /* Product.swift in Sources */,
				8957361A259F99E00060CAF2 /* WishlistButton.swift in Sources */,
				895147CD255F578D001DA941 /* APIDataSource.swift in Sources */,
				89627B06259B60180005D4E5 /* HomeView.swift in Sources */,
				89EACD4925A0F75700435265 /* WishlistViewModel.swift in Sources */,
				8905F9192582CFF800413DB9 /* GetProductDetailsUseCase.swift in Sources */,
				8905F90B2582CC7700413DB9 /* ProductDetailsViewModel.swift in Sources */,
			);
			runOnlyForDeploymentPostprocessing = 0;
		};
		896FB786254A1CC700A55F12 /* Sources */ = {
			isa = PBXSourcesBuildPhase;
			buildActionMask = 2147483647;
			files = (
				897BA53A2551F8F400D87FE0 /* ProductListViewTests.swift in Sources */,
				89331EB72561BB1700763223 /* APIListMapperTests.swift in Sources */,
				89001FAD2583EC2D00C5107B /* APIDetailsMapperTests.swift in Sources */,
				896C37FD254DD89D00A1A648 /* GetProductListUseCaseTests.swift in Sources */,
				895147BF255F4B36001DA941 /* APIRepositoryTests.swift in Sources */,
				89684EAF257BF39400617F15 /* LoadViewTests.swift in Sources */,
				89F0688D257EF2760029BE5C /* ProductDetailsViewTests.swift in Sources */,
				8905F92D2582D1A500413DB9 /* GetProductDetailsUseCaseTests.swift in Sources */,
				8938703D254EEA4200F0F6E1 /* ProductListTests.swift in Sources */,
				89577894254EE07D0047C36A /* ProductListConverterTests.swift in Sources */,
				89822F56255073C800902416 /* AutoMockable.generated.swift in Sources */,
				8916F24C2575632200216AAF /* ProductConverterTests.swift in Sources */,
				897BA5282551F09E00D87FE0 /* ProductListViewModelTests.swift in Sources */,
				8905F9102582CC8000413DB9 /* ProductDetailsViewModelTests.swift in Sources */,
			);
			runOnlyForDeploymentPostprocessing = 0;
		};
		896FB791254A1CC700A55F12 /* Sources */ = {
			isa = PBXSourcesBuildPhase;
			buildActionMask = 2147483647;
			files = (
				896FB79A254A1CC700A55F12 /* ShopUIUITests.swift in Sources */,
			);
			runOnlyForDeploymentPostprocessing = 0;
		};
/* End PBXSourcesBuildPhase section */

/* Begin PBXTargetDependency section */
		896FB78C254A1CC700A55F12 /* PBXTargetDependency */ = {
			isa = PBXTargetDependency;
			target = 896FB778254A1CC500A55F12 /* ShopUI */;
			targetProxy = 896FB78B254A1CC700A55F12 /* PBXContainerItemProxy */;
		};
		896FB797254A1CC700A55F12 /* PBXTargetDependency */ = {
			isa = PBXTargetDependency;
			target = 896FB778254A1CC500A55F12 /* ShopUI */;
			targetProxy = 896FB796254A1CC700A55F12 /* PBXContainerItemProxy */;
		};
/* End PBXTargetDependency section */

/* Begin XCBuildConfiguration section */
		896FB79C254A1CC700A55F12 /* Debug */ = {
			isa = XCBuildConfiguration;
			buildSettings = {
				ALWAYS_SEARCH_USER_PATHS = NO;
				CLANG_ANALYZER_NONNULL = YES;
				CLANG_ANALYZER_NUMBER_OBJECT_CONVERSION = YES_AGGRESSIVE;
				CLANG_CXX_LANGUAGE_STANDARD = "gnu++14";
				CLANG_CXX_LIBRARY = "libc++";
				CLANG_ENABLE_MODULES = YES;
				CLANG_ENABLE_OBJC_ARC = YES;
				CLANG_ENABLE_OBJC_WEAK = YES;
				CLANG_WARN_BLOCK_CAPTURE_AUTORELEASING = YES;
				CLANG_WARN_BOOL_CONVERSION = YES;
				CLANG_WARN_COMMA = YES;
				CLANG_WARN_CONSTANT_CONVERSION = YES;
				CLANG_WARN_DEPRECATED_OBJC_IMPLEMENTATIONS = YES;
				CLANG_WARN_DIRECT_OBJC_ISA_USAGE = YES_ERROR;
				CLANG_WARN_DOCUMENTATION_COMMENTS = YES;
				CLANG_WARN_EMPTY_BODY = YES;
				CLANG_WARN_ENUM_CONVERSION = YES;
				CLANG_WARN_INFINITE_RECURSION = YES;
				CLANG_WARN_INT_CONVERSION = YES;
				CLANG_WARN_NON_LITERAL_NULL_CONVERSION = YES;
				CLANG_WARN_OBJC_IMPLICIT_RETAIN_SELF = YES;
				CLANG_WARN_OBJC_LITERAL_CONVERSION = YES;
				CLANG_WARN_OBJC_ROOT_CLASS = YES_ERROR;
				CLANG_WARN_QUOTED_INCLUDE_IN_FRAMEWORK_HEADER = YES;
				CLANG_WARN_RANGE_LOOP_ANALYSIS = YES;
				CLANG_WARN_STRICT_PROTOTYPES = YES;
				CLANG_WARN_SUSPICIOUS_MOVE = YES;
				CLANG_WARN_UNGUARDED_AVAILABILITY = YES_AGGRESSIVE;
				CLANG_WARN_UNREACHABLE_CODE = YES;
				CLANG_WARN__DUPLICATE_METHOD_MATCH = YES;
				COPY_PHASE_STRIP = NO;
				DEBUG_INFORMATION_FORMAT = dwarf;
				ENABLE_STRICT_OBJC_MSGSEND = YES;
				ENABLE_TESTABILITY = YES;
				GCC_C_LANGUAGE_STANDARD = gnu11;
				GCC_DYNAMIC_NO_PIC = NO;
				GCC_NO_COMMON_BLOCKS = YES;
				GCC_OPTIMIZATION_LEVEL = 0;
				GCC_PREPROCESSOR_DEFINITIONS = (
					"DEBUG=1",
					"$(inherited)",
				);
				GCC_WARN_64_TO_32_BIT_CONVERSION = YES;
				GCC_WARN_ABOUT_RETURN_TYPE = YES_ERROR;
				GCC_WARN_UNDECLARED_SELECTOR = YES;
				GCC_WARN_UNINITIALIZED_AUTOS = YES_AGGRESSIVE;
				GCC_WARN_UNUSED_FUNCTION = YES;
				GCC_WARN_UNUSED_VARIABLE = YES;
				IPHONEOS_DEPLOYMENT_TARGET = 14.0;
				MTL_ENABLE_DEBUG_INFO = INCLUDE_SOURCE;
				MTL_FAST_MATH = YES;
				ONLY_ACTIVE_ARCH = YES;
				SDKROOT = iphoneos;
				SWIFT_ACTIVE_COMPILATION_CONDITIONS = DEBUG;
				SWIFT_OPTIMIZATION_LEVEL = "-Onone";
			};
			name = Debug;
		};
		896FB79D254A1CC700A55F12 /* Release */ = {
			isa = XCBuildConfiguration;
			buildSettings = {
				ALWAYS_SEARCH_USER_PATHS = NO;
				CLANG_ANALYZER_NONNULL = YES;
				CLANG_ANALYZER_NUMBER_OBJECT_CONVERSION = YES_AGGRESSIVE;
				CLANG_CXX_LANGUAGE_STANDARD = "gnu++14";
				CLANG_CXX_LIBRARY = "libc++";
				CLANG_ENABLE_MODULES = YES;
				CLANG_ENABLE_OBJC_ARC = YES;
				CLANG_ENABLE_OBJC_WEAK = YES;
				CLANG_WARN_BLOCK_CAPTURE_AUTORELEASING = YES;
				CLANG_WARN_BOOL_CONVERSION = YES;
				CLANG_WARN_COMMA = YES;
				CLANG_WARN_CONSTANT_CONVERSION = YES;
				CLANG_WARN_DEPRECATED_OBJC_IMPLEMENTATIONS = YES;
				CLANG_WARN_DIRECT_OBJC_ISA_USAGE = YES_ERROR;
				CLANG_WARN_DOCUMENTATION_COMMENTS = YES;
				CLANG_WARN_EMPTY_BODY = YES;
				CLANG_WARN_ENUM_CONVERSION = YES;
				CLANG_WARN_INFINITE_RECURSION = YES;
				CLANG_WARN_INT_CONVERSION = YES;
				CLANG_WARN_NON_LITERAL_NULL_CONVERSION = YES;
				CLANG_WARN_OBJC_IMPLICIT_RETAIN_SELF = YES;
				CLANG_WARN_OBJC_LITERAL_CONVERSION = YES;
				CLANG_WARN_OBJC_ROOT_CLASS = YES_ERROR;
				CLANG_WARN_QUOTED_INCLUDE_IN_FRAMEWORK_HEADER = YES;
				CLANG_WARN_RANGE_LOOP_ANALYSIS = YES;
				CLANG_WARN_STRICT_PROTOTYPES = YES;
				CLANG_WARN_SUSPICIOUS_MOVE = YES;
				CLANG_WARN_UNGUARDED_AVAILABILITY = YES_AGGRESSIVE;
				CLANG_WARN_UNREACHABLE_CODE = YES;
				CLANG_WARN__DUPLICATE_METHOD_MATCH = YES;
				COPY_PHASE_STRIP = NO;
				DEBUG_INFORMATION_FORMAT = "dwarf-with-dsym";
				ENABLE_NS_ASSERTIONS = NO;
				ENABLE_STRICT_OBJC_MSGSEND = YES;
				GCC_C_LANGUAGE_STANDARD = gnu11;
				GCC_NO_COMMON_BLOCKS = YES;
				GCC_WARN_64_TO_32_BIT_CONVERSION = YES;
				GCC_WARN_ABOUT_RETURN_TYPE = YES_ERROR;
				GCC_WARN_UNDECLARED_SELECTOR = YES;
				GCC_WARN_UNINITIALIZED_AUTOS = YES_AGGRESSIVE;
				GCC_WARN_UNUSED_FUNCTION = YES;
				GCC_WARN_UNUSED_VARIABLE = YES;
				IPHONEOS_DEPLOYMENT_TARGET = 14.0;
				MTL_ENABLE_DEBUG_INFO = NO;
				MTL_FAST_MATH = YES;
				SDKROOT = iphoneos;
				SWIFT_COMPILATION_MODE = wholemodule;
				SWIFT_OPTIMIZATION_LEVEL = "-O";
				VALIDATE_PRODUCT = YES;
			};
			name = Release;
		};
		896FB79F254A1CC700A55F12 /* Debug */ = {
			isa = XCBuildConfiguration;
			baseConfigurationReference = D181041F5EBB3CAF4AD52E83 /* Pods-ShopUI.debug.xcconfig */;
			buildSettings = {
				ASSETCATALOG_COMPILER_APPICON_NAME = AppIcon;
				ASSETCATALOG_COMPILER_GLOBAL_ACCENT_COLOR_NAME = AccentColor;
				CODE_SIGN_STYLE = Automatic;
				DEVELOPMENT_ASSET_PATHS = "\"ShopUI/Preview Content\"";
				DEVELOPMENT_TEAM = FA4CYT5B2K;
				ENABLE_PREVIEWS = YES;
				INFOPLIST_FILE = ShopUI/Info.plist;
				IPHONEOS_DEPLOYMENT_TARGET = 14.0;
				LD_RUNPATH_SEARCH_PATHS = (
					"$(inherited)",
					"@executable_path/Frameworks",
				);
				PRODUCT_BUNDLE_IDENTIFIER = com.myproject.ShopUI;
				PRODUCT_NAME = "$(TARGET_NAME)";
				SWIFT_VERSION = 5.0;
				TARGETED_DEVICE_FAMILY = "1,2";
			};
			name = Debug;
		};
		896FB7A0254A1CC700A55F12 /* Release */ = {
			isa = XCBuildConfiguration;
			baseConfigurationReference = 5690F29F8A99F48438C494A1 /* Pods-ShopUI.release.xcconfig */;
			buildSettings = {
				ASSETCATALOG_COMPILER_APPICON_NAME = AppIcon;
				ASSETCATALOG_COMPILER_GLOBAL_ACCENT_COLOR_NAME = AccentColor;
				CODE_SIGN_STYLE = Automatic;
				DEVELOPMENT_ASSET_PATHS = "\"ShopUI/Preview Content\"";
				DEVELOPMENT_TEAM = FA4CYT5B2K;
				ENABLE_PREVIEWS = YES;
				INFOPLIST_FILE = ShopUI/Info.plist;
				IPHONEOS_DEPLOYMENT_TARGET = 14.0;
				LD_RUNPATH_SEARCH_PATHS = (
					"$(inherited)",
					"@executable_path/Frameworks",
				);
				PRODUCT_BUNDLE_IDENTIFIER = com.myproject.ShopUI;
				PRODUCT_NAME = "$(TARGET_NAME)";
				SWIFT_VERSION = 5.0;
				TARGETED_DEVICE_FAMILY = "1,2";
			};
			name = Release;
		};
		896FB7A2254A1CC700A55F12 /* Debug */ = {
			isa = XCBuildConfiguration;
			baseConfigurationReference = D65648028CB3DAEA9CAB3333 /* Pods-ShopUITests.debug.xcconfig */;
			buildSettings = {
				ALWAYS_EMBED_SWIFT_STANDARD_LIBRARIES = "$(inherited)";
				BUNDLE_LOADER = "$(TEST_HOST)";
				CODE_SIGN_STYLE = Automatic;
				DEVELOPMENT_TEAM = FA4CYT5B2K;
				INFOPLIST_FILE = ShopUITests/Info.plist;
				IPHONEOS_DEPLOYMENT_TARGET = 14.0;
				LD_RUNPATH_SEARCH_PATHS = (
					"$(inherited)",
					"@executable_path/Frameworks",
					"@loader_path/Frameworks",
				);
				PRODUCT_BUNDLE_IDENTIFIER = com.myproject.ShopUITests;
				PRODUCT_NAME = "$(TARGET_NAME)";
				SWIFT_VERSION = 5.0;
				TARGETED_DEVICE_FAMILY = "1,2";
				TEST_HOST = "$(BUILT_PRODUCTS_DIR)/ShopUI.app/ShopUI";
			};
			name = Debug;
		};
		896FB7A3254A1CC700A55F12 /* Release */ = {
			isa = XCBuildConfiguration;
			baseConfigurationReference = 7644B2FD9275296B836619CD /* Pods-ShopUITests.release.xcconfig */;
			buildSettings = {
				ALWAYS_EMBED_SWIFT_STANDARD_LIBRARIES = "$(inherited)";
				BUNDLE_LOADER = "$(TEST_HOST)";
				CODE_SIGN_STYLE = Automatic;
				DEVELOPMENT_TEAM = FA4CYT5B2K;
				INFOPLIST_FILE = ShopUITests/Info.plist;
				IPHONEOS_DEPLOYMENT_TARGET = 14.0;
				LD_RUNPATH_SEARCH_PATHS = (
					"$(inherited)",
					"@executable_path/Frameworks",
					"@loader_path/Frameworks",
				);
				PRODUCT_BUNDLE_IDENTIFIER = com.myproject.ShopUITests;
				PRODUCT_NAME = "$(TARGET_NAME)";
				SWIFT_VERSION = 5.0;
				TARGETED_DEVICE_FAMILY = "1,2";
				TEST_HOST = "$(BUILT_PRODUCTS_DIR)/ShopUI.app/ShopUI";
			};
			name = Release;
		};
		896FB7A5254A1CC700A55F12 /* Debug */ = {
			isa = XCBuildConfiguration;
			baseConfigurationReference = B50051C20DDADE8557748B14 /* Pods-ShopUIUITests.debug.xcconfig */;
			buildSettings = {
				ALWAYS_EMBED_SWIFT_STANDARD_LIBRARIES = "$(inherited)";
				CODE_SIGN_STYLE = Automatic;
				DEVELOPMENT_TEAM = FA4CYT5B2K;
				INFOPLIST_FILE = ShopUIUITests/Info.plist;
				LD_RUNPATH_SEARCH_PATHS = (
					"$(inherited)",
					"@executable_path/Frameworks",
					"@loader_path/Frameworks",
				);
				PRODUCT_BUNDLE_IDENTIFIER = com.myproject.ShopUIUITests;
				PRODUCT_NAME = "$(TARGET_NAME)";
				SWIFT_VERSION = 5.0;
				TARGETED_DEVICE_FAMILY = "1,2";
				TEST_TARGET_NAME = ShopUI;
			};
			name = Debug;
		};
		896FB7A6254A1CC700A55F12 /* Release */ = {
			isa = XCBuildConfiguration;
			baseConfigurationReference = 1A8F37F4F6040BB0B7F1AA9A /* Pods-ShopUIUITests.release.xcconfig */;
			buildSettings = {
				ALWAYS_EMBED_SWIFT_STANDARD_LIBRARIES = "$(inherited)";
				CODE_SIGN_STYLE = Automatic;
				DEVELOPMENT_TEAM = FA4CYT5B2K;
				INFOPLIST_FILE = ShopUIUITests/Info.plist;
				LD_RUNPATH_SEARCH_PATHS = (
					"$(inherited)",
					"@executable_path/Frameworks",
					"@loader_path/Frameworks",
				);
				PRODUCT_BUNDLE_IDENTIFIER = com.myproject.ShopUIUITests;
				PRODUCT_NAME = "$(TARGET_NAME)";
				SWIFT_VERSION = 5.0;
				TARGETED_DEVICE_FAMILY = "1,2";
				TEST_TARGET_NAME = ShopUI;
			};
			name = Release;
		};
/* End XCBuildConfiguration section */

/* Begin XCConfigurationList section */
		896FB774254A1CC500A55F12 /* Build configuration list for PBXProject "ShopUI" */ = {
			isa = XCConfigurationList;
			buildConfigurations = (
				896FB79C254A1CC700A55F12 /* Debug */,
				896FB79D254A1CC700A55F12 /* Release */,
			);
			defaultConfigurationIsVisible = 0;
			defaultConfigurationName = Release;
		};
		896FB79E254A1CC700A55F12 /* Build configuration list for PBXNativeTarget "ShopUI" */ = {
			isa = XCConfigurationList;
			buildConfigurations = (
				896FB79F254A1CC700A55F12 /* Debug */,
				896FB7A0254A1CC700A55F12 /* Release */,
			);
			defaultConfigurationIsVisible = 0;
			defaultConfigurationName = Release;
		};
		896FB7A1254A1CC700A55F12 /* Build configuration list for PBXNativeTarget "ShopUITests" */ = {
			isa = XCConfigurationList;
			buildConfigurations = (
				896FB7A2254A1CC700A55F12 /* Debug */,
				896FB7A3254A1CC700A55F12 /* Release */,
			);
			defaultConfigurationIsVisible = 0;
			defaultConfigurationName = Release;
		};
		896FB7A4254A1CC700A55F12 /* Build configuration list for PBXNativeTarget "ShopUIUITests" */ = {
			isa = XCConfigurationList;
			buildConfigurations = (
				896FB7A5254A1CC700A55F12 /* Debug */,
				896FB7A6254A1CC700A55F12 /* Release */,
			);
			defaultConfigurationIsVisible = 0;
			defaultConfigurationName = Release;
		};
/* End XCConfigurationList section */
	};
	rootObject = 896FB771254A1CC500A55F12 /* Project object */;
}
